
Microsoft Visual Studio Solution File, Format Version 12.00
# Visual Studio Version 16
VisualStudioVersion = 16.0.31729.503
MinimumVisualStudioVersion = 10.0.40219.1
Project("{FAE04EC0-301F-11D3-BF4B-00C04F79EFBC}") = "JustBlog_Final", "JustBlog_Final\JustBlog_Final.csproj", "{AC38B5CC-ABD5-451E-A3B7-29008980B6F8}"
EndProject
Global
	GlobalSection(SolutionConfigurationPlatforms) = preSolution
		Debug|Any CPU = Debug|Any CPU
		Release|Any CPU = Release|Any CPU
	EndGlobalSection
	GlobalSection(ProjectConfigurationPlatforms) = postSolution
		{AC38B5CC-ABD5-451E-A3B7-29008980B6F8}.Debug|Any CPU.ActiveCfg = Debug|Any CPU
		{AC38B5CC-ABD5-451E-A3B7-29008980B6F8}.Debug|Any CPU.Build.0 = Debug|Any CPU
		{AC38B5CC-ABD5-451E-A3B7-29008980B6F8}.Release|Any CPU.ActiveCfg = Release|Any CPU
		{AC38B5CC-ABD5-451E-A3B7-29008980B6F8}.Release|Any CPU.Build.0 = Release|Any CPU
	EndGlobalSection
	GlobalSection(SolutionProperties) = preSolution
		HideSolutionNode = FALSE
	EndGlobalSection
	GlobalSection(ExtensibilityGlobals) = postSolution
		SolutionGuid = {F8B23009-B5FC-46D4-9061-855AC3710F79}
	EndGlobalSection
EndGlobal
